// !$*UTF8*$!
{
	archiveVersion = 1;
	classes = {
	};
	objectVersion = 46;
	objects = {

/* Begin PBXBuildFile section */
		D00F130E1AD721E100308C9A /* AppDelegate.swift in Sources */ = {isa = PBXBuildFile; fileRef = D00F130D1AD721E100308C9A /* AppDelegate.swift */; };
		D00F13101AD721E100308C9A /* ViewController.swift in Sources */ = {isa = PBXBuildFile; fileRef = D00F130F1AD721E100308C9A /* ViewController.swift */; };
		D00F13131AD721E100308C9A /* Main.storyboard in Resources */ = {isa = PBXBuildFile; fileRef = D00F13111AD721E100308C9A /* Main.storyboard */; };
		D00F13151AD721E100308C9A /* Images.xcassets in Resources */ = {isa = PBXBuildFile; fileRef = D00F13141AD721E100308C9A /* Images.xcassets */; };
		D00F13181AD721E100308C9A /* LaunchScreen.xib in Resources */ = {isa = PBXBuildFile; fileRef = D00F13161AD721E100308C9A /* LaunchScreen.xib */; };
		D00F13241AD721E100308C9A /* ticTacToeTests.swift in Sources */ = {isa = PBXBuildFile; fileRef = D00F13231AD721E100308C9A /* ticTacToeTests.swift */; };
		D00F13341AD726CD00308C9A /* button.png in Resources */ = {isa = PBXBuildFile; fileRef = D00F13331AD726CD00308C9A /* button.png */; };
		D00F13361AD7284700308C9A /* gamePlayViewController.swift in Sources */ = {isa = PBXBuildFile; fileRef = D00F13351AD7284700308C9A /* gamePlayViewController.swift */; };
		D00F13381AD729AA00308C9A /* settingsViewController.swift in Sources */ = {isa = PBXBuildFile; fileRef = D00F13371AD729AA00308C9A /* settingsViewController.swift */; };
		D00F133A1AD729D300308C9A /* historyViewController.swift in Sources */ = {isa = PBXBuildFile; fileRef = D00F13391AD729D300308C9A /* historyViewController.swift */; };
		D06C41341AE0967700B51093 /* gridClass.swift in Sources */ = {isa = PBXBuildFile; fileRef = D06C41331AE0967700B51093 /* gridClass.swift */; };
		D06C41381AE2A51F00B51093 /* line.png in Resources */ = {isa = PBXBuildFile; fileRef = D06C41371AE2A51F00B51093 /* line.png */; };
		D06C413C1AE2A7F600B51093 /* grid3.png in Resources */ = {isa = PBXBuildFile; fileRef = D06C413B1AE2A7F600B51093 /* grid3.png */; };
		D06C41401AE2A8F400B51093 /* x.png in Resources */ = {isa = PBXBuildFile; fileRef = D06C413F1AE2A8F400B51093 /* x.png */; };
		D06C41421AE2A97100B51093 /* o.png in Resources */ = {isa = PBXBuildFile; fileRef = D06C41411AE2A97100B51093 /* o.png */; };
		D06C41461AE2AB2400B51093 /* settingsIcon.png in Resources */ = {isa = PBXBuildFile; fileRef = D06C41451AE2AB2400B51093 /* settingsIcon.png */; };
		D06C41481AE2ABE800B51093 /* historyIcon.png in Resources */ = {isa = PBXBuildFile; fileRef = D06C41471AE2ABE800B51093 /* historyIcon.png */; };
		D06C414E1AE2AD9400B51093 /* gridIcon.png in Resources */ = {isa = PBXBuildFile; fileRef = D06C414D1AE2AD9400B51093 /* gridIcon.png */; };
		D06C41541AE2AFA300B51093 /* grid4.png in Resources */ = {isa = PBXBuildFile; fileRef = D06C41531AE2AFA300B51093 /* grid4.png */; };
		D06C41561AE2B05900B51093 /* grid5.png in Resources */ = {isa = PBXBuildFile; fileRef = D06C41551AE2B05900B51093 /* grid5.png */; };
		D06C41581AE2B1C300B51093 /* gridsList.plist in Resources */ = {isa = PBXBuildFile; fileRef = D06C41571AE2B1C300B51093 /* gridsList.plist */; };
/* End PBXBuildFile section */

/* Begin PBXContainerItemProxy section */
		D00F131E1AD721E100308C9A /* PBXContainerItemProxy */ = {
			isa = PBXContainerItemProxy;
			containerPortal = D00F13001AD721E100308C9A /* Project object */;
			proxyType = 1;
			remoteGlobalIDString = D00F13071AD721E100308C9A;
			remoteInfo = ticTacToe;
		};
/* End PBXContainerItemProxy section */

/* Begin PBXFileReference section */
		D00F13081AD721E100308C9A /* ticTacToe.app */ = {isa = PBXFileReference; explicitFileType = wrapper.application; includeInIndex = 0; path = ticTacToe.app; sourceTree = BUILT_PRODUCTS_DIR; };
		D00F130C1AD721E100308C9A /* Info.plist */ = {isa = PBXFileReference; lastKnownFileType = text.plist.xml; path = Info.plist; sourceTree = "<group>"; };
		D00F130D1AD721E100308C9A /* AppDelegate.swift */ = {isa = PBXFileReference; lastKnownFileType = sourcecode.swift; path = AppDelegate.swift; sourceTree = "<group>"; };
		D00F130F1AD721E100308C9A /* ViewController.swift */ = {isa = PBXFileReference; lastKnownFileType = sourcecode.swift; path = ViewController.swift; sourceTree = "<group>"; };
		D00F13121AD721E100308C9A /* Base */ = {isa = PBXFileReference; lastKnownFileType = file.storyboard; name = Base; path = Base.lproj/Main.storyboard; sourceTree = "<group>"; };
		D00F13141AD721E100308C9A /* Images.xcassets */ = {isa = PBXFileReference; lastKnownFileType = folder.assetcatalog; path = Images.xcassets; sourceTree = "<group>"; };
		D00F13171AD721E100308C9A /* Base */ = {isa = PBXFileReference; lastKnownFileType = file.xib; name = Base; path = Base.lproj/LaunchScreen.xib; sourceTree = "<group>"; };
		D00F131D1AD721E100308C9A /* ticTacToeTests.xctest */ = {isa = PBXFileReference; explicitFileType = wrapper.cfbundle; includeInIndex = 0; path = ticTacToeTests.xctest; sourceTree = BUILT_PRODUCTS_DIR; };
		D00F13221AD721E100308C9A /* Info.plist */ = {isa = PBXFileReference; lastKnownFileType = text.plist.xml; path = Info.plist; sourceTree = "<group>"; };
		D00F13231AD721E100308C9A /* ticTacToeTests.swift */ = {isa = PBXFileReference; lastKnownFileType = sourcecode.swift; path = ticTacToeTests.swift; sourceTree = "<group>"; };
		D00F13331AD726CD00308C9A /* button.png */ = {isa = PBXFileReference; lastKnownFileType = image.png; path = button.png; sourceTree = "<group>"; };
		D00F13351AD7284700308C9A /* gamePlayViewController.swift */ = {isa = PBXFileReference; fileEncoding = 4; lastKnownFileType = sourcecode.swift; path = gamePlayViewController.swift; sourceTree = "<group>"; };
		D00F13371AD729AA00308C9A /* settingsViewController.swift */ = {isa = PBXFileReference; fileEncoding = 4; lastKnownFileType = sourcecode.swift; path = settingsViewController.swift; sourceTree = "<group>"; };
		D00F13391AD729D300308C9A /* historyViewController.swift */ = {isa = PBXFileReference; fileEncoding = 4; lastKnownFileType = sourcecode.swift; path = historyViewController.swift; sourceTree = "<group>"; };
		D06C41331AE0967700B51093 /* gridClass.swift */ = {isa = PBXFileReference; fileEncoding = 4; lastKnownFileType = sourcecode.swift; path = gridClass.swift; sourceTree = "<group>"; };
		D06C41371AE2A51F00B51093 /* line.png */ = {isa = PBXFileReference; lastKnownFileType = image.png; path = line.png; sourceTree = "<group>"; };
		D06C413B1AE2A7F600B51093 /* grid3.png */ = {isa = PBXFileReference; lastKnownFileType = image.png; path = grid3.png; sourceTree = "<group>"; };
		D06C413F1AE2A8F400B51093 /* x.png */ = {isa = PBXFileReference; lastKnownFileType = image.png; path = x.png; sourceTree = "<group>"; };
		D06C41411AE2A97100B51093 /* o.png */ = {isa = PBXFileReference; lastKnownFileType = image.png; path = o.png; sourceTree = "<group>"; };
		D06C41451AE2AB2400B51093 /* settingsIcon.png */ = {isa = PBXFileReference; lastKnownFileType = image.png; path = settingsIcon.png; sourceTree = "<group>"; };
		D06C41471AE2ABE800B51093 /* historyIcon.png */ = {isa = PBXFileReference; lastKnownFileType = image.png; path = historyIcon.png; sourceTree = "<group>"; };
		D06C414D1AE2AD9400B51093 /* gridIcon.png */ = {isa = PBXFileReference; lastKnownFileType = image.png; path = gridIcon.png; sourceTree = "<group>"; };
		D06C41531AE2AFA300B51093 /* grid4.png */ = {isa = PBXFileReference; lastKnownFileType = image.png; path = grid4.png; sourceTree = "<group>"; };
		D06C41551AE2B05900B51093 /* grid5.png */ = {isa = PBXFileReference; lastKnownFileType = image.png; path = grid5.png; sourceTree = "<group>"; };
		D06C41571AE2B1C300B51093 /* gridsList.plist */ = {isa = PBXFileReference; fileEncoding = 4; lastKnownFileType = text.plist.xml; path = gridsList.plist; sourceTree = "<group>"; };
/* End PBXFileReference section */

/* Begin PBXFrameworksBuildPhase section */
		D00F13051AD721E100308C9A /* Frameworks */ = {
			isa = PBXFrameworksBuildPhase;
			buildActionMask = 2147483647;
			files = (
			);
			runOnlyForDeploymentPostprocessing = 0;
		};
		D00F131A1AD721E100308C9A /* Frameworks */ = {
			isa = PBXFrameworksBuildPhase;
			buildActionMask = 2147483647;
			files = (
			);
			runOnlyForDeploymentPostprocessing = 0;
		};
/* End PBXFrameworksBuildPhase section */

/* Begin PBXGroup section */
		D00F12FF1AD721E100308C9A = {
			isa = PBXGroup;
			children = (
				D00F130A1AD721E100308C9A /* ticTacToe */,
				D00F13201AD721E100308C9A /* ticTacToeTests */,
				D00F13091AD721E100308C9A /* Products */,
			);
			sourceTree = "<group>";
		};
		D00F13091AD721E100308C9A /* Products */ = {
			isa = PBXGroup;
			children = (
				D00F13081AD721E100308C9A /* ticTacToe.app */,
				D00F131D1AD721E100308C9A /* ticTacToeTests.xctest */,
			);
			name = Products;
			sourceTree = "<group>";
		};
		D00F130A1AD721E100308C9A /* ticTacToe */ = {
			isa = PBXGroup;
			children = (
				D06C41571AE2B1C300B51093 /* gridsList.plist */,
				D06C41551AE2B05900B51093 /* grid5.png */,
				D06C41531AE2AFA300B51093 /* grid4.png */,
				D06C414D1AE2AD9400B51093 /* gridIcon.png */,
				D06C41471AE2ABE800B51093 /* historyIcon.png */,
				D06C41451AE2AB2400B51093 /* settingsIcon.png */,
				D06C41411AE2A97100B51093 /* o.png */,
				D06C413F1AE2A8F400B51093 /* x.png */,
				D06C413B1AE2A7F600B51093 /* grid3.png */,
				D06C41371AE2A51F00B51093 /* line.png */,
				D06C41331AE0967700B51093 /* gridClass.swift */,
				D00F13391AD729D300308C9A /* historyViewController.swift */,
				D00F13371AD729AA00308C9A /* settingsViewController.swift */,
				D00F13351AD7284700308C9A /* gamePlayViewController.swift */,
				D00F130D1AD721E100308C9A /* AppDelegate.swift */,
				D00F130F1AD721E100308C9A /* ViewController.swift */,
				D00F13111AD721E100308C9A /* Main.storyboard */,
				D00F13141AD721E100308C9A /* Images.xcassets */,
				D00F13331AD726CD00308C9A /* button.png */,
				D00F13161AD721E100308C9A /* LaunchScreen.xib */,
				D00F130B1AD721E100308C9A /* Supporting Files */,
			);
			path = ticTacToe;
			sourceTree = "<group>";
		};
		D00F130B1AD721E100308C9A /* Supporting Files */ = {
			isa = PBXGroup;
			children = (
				D00F130C1AD721E100308C9A /* Info.plist */,
			);
			name = "Supporting Files";
			sourceTree = "<group>";
		};
		D00F13201AD721E100308C9A /* ticTacToeTests */ = {
			isa = PBXGroup;
			children = (
				D00F13231AD721E100308C9A /* ticTacToeTests.swift */,
				D00F13211AD721E100308C9A /* Supporting Files */,
			);
			path = ticTacToeTests;
			sourceTree = "<group>";
		};
		D00F13211AD721E100308C9A /* Supporting Files */ = {
			isa = PBXGroup;
			children = (
				D00F13221AD721E100308C9A /* Info.plist */,
			);
			name = "Supporting Files";
			sourceTree = "<group>";
		};
/* End PBXGroup section */

/* Begin PBXNativeTarget section */
		D00F13071AD721E100308C9A /* ticTacToe */ = {
			isa = PBXNativeTarget;
			buildConfigurationList = D00F13271AD721E100308C9A /* Build configuration list for PBXNativeTarget "ticTacToe" */;
			buildPhases = (
				D00F13041AD721E100308C9A /* Sources */,
				D00F13051AD721E100308C9A /* Frameworks */,
				D00F13061AD721E100308C9A /* Resources */,
			);
			buildRules = (
			);
			dependencies = (
			);
			name = ticTacToe;
			productName = ticTacToe;
			productReference = D00F13081AD721E100308C9A /* ticTacToe.app */;
			productType = "com.apple.product-type.application";
		};
		D00F131C1AD721E100308C9A /* ticTacToeTests */ = {
			isa = PBXNativeTarget;
			buildConfigurationList = D00F132A1AD721E100308C9A /* Build configuration list for PBXNativeTarget "ticTacToeTests" */;
			buildPhases = (
				D00F13191AD721E100308C9A /* Sources */,
				D00F131A1AD721E100308C9A /* Frameworks */,
				D00F131B1AD721E100308C9A /* Resources */,
			);
			buildRules = (
			);
			dependencies = (
				D00F131F1AD721E100308C9A /* PBXTargetDependency */,
			);
			name = ticTacToeTests;
			productName = ticTacToeTests;
			productReference = D00F131D1AD721E100308C9A /* ticTacToeTests.xctest */;
			productType = "com.apple.product-type.bundle.unit-test";
		};
/* End PBXNativeTarget section */

/* Begin PBXProject section */
		D00F13001AD721E100308C9A /* Project object */ = {
			isa = PBXProject;
			attributes = {
				LastUpgradeCheck = 0610;
				ORGANIZATIONNAME = "University of Cincinnati";
				TargetAttributes = {
					D00F13071AD721E100308C9A = {
						CreatedOnToolsVersion = 6.1.1;
					};
					D00F131C1AD721E100308C9A = {
						CreatedOnToolsVersion = 6.1.1;
						TestTargetID = D00F13071AD721E100308C9A;
					};
				};
			};
			buildConfigurationList = D00F13031AD721E100308C9A /* Build configuration list for PBXProject "ticTacToe" */;
			compatibilityVersion = "Xcode 3.2";
			developmentRegion = English;
			hasScannedForEncodings = 0;
			knownRegions = (
				en,
				Base,
			);
			mainGroup = D00F12FF1AD721E100308C9A;
			productRefGroup = D00F13091AD721E100308C9A /* Products */;
			projectDirPath = "";
			projectRoot = "";
			targets = (
				D00F13071AD721E100308C9A /* ticTacToe */,
				D00F131C1AD721E100308C9A /* ticTacToeTests */,
			);
		};
/* End PBXProject section */

/* Begin PBXResourcesBuildPhase section */
		D00F13061AD721E100308C9A /* Resources */ = {
			isa = PBXResourcesBuildPhase;
			buildActionMask = 2147483647;
			files = (
				D00F13341AD726CD00308C9A /* button.png in Resources */,
				D06C414E1AE2AD9400B51093 /* gridIcon.png in Resources */,
				D00F13131AD721E100308C9A /* Main.storyboard in Resources */,
				D06C41381AE2A51F00B51093 /* line.png in Resources */,
				D06C41421AE2A97100B51093 /* o.png in Resources */,
				D06C41401AE2A8F400B51093 /* x.png in Resources */,
				D06C41541AE2AFA300B51093 /* grid4.png in Resources */,
				D06C41461AE2AB2400B51093 /* settingsIcon.png in Resources */,
				D06C413C1AE2A7F600B51093 /* grid3.png in Resources */,
				D00F13181AD721E100308C9A /* LaunchScreen.xib in Resources */,
				D06C41581AE2B1C300B51093 /* gridsList.plist in Resources */,
				D06C41561AE2B05900B51093 /* grid5.png in Resources */,
				D06C41481AE2ABE800B51093 /* historyIcon.png in Resources */,
				D00F13151AD721E100308C9A /* Images.xcassets in Resources */,
			);
			runOnlyForDeploymentPostprocessing = 0;
		};
		D00F131B1AD721E100308C9A /* Resources */ = {
			isa = PBXResourcesBuildPhase;
			buildActionMask = 2147483647;
			files = (
			);
			runOnlyForDeploymentPostprocessing = 0;
		};
/* End PBXResourcesBuildPhase section */

/* Begin PBXSourcesBuildPhase section */
		D00F13041AD721E100308C9A /* Sources */ = {
			isa = PBXSourcesBuildPhase;
			buildActionMask = 2147483647;
			files = (
				D00F13101AD721E100308C9A /* ViewController.swift in Sources */,
				D00F130E1AD721E100308C9A /* AppDelegate.swift in Sources */,
				D00F13361AD7284700308C9A /* gamePlayViewController.swift in Sources */,
				D00F13381AD729AA00308C9A /* settingsViewController.swift in Sources */,
				D06C41341AE0967700B51093 /* gridClass.swift in Sources */,
				D00F133A1AD729D300308C9A /* historyViewController.swift in Sources */,
			);
			runOnlyForDeploymentPostprocessing = 0;
		};
		D00F13191AD721E100308C9A /* Sources */ = {
			isa = PBXSourcesBuildPhase;
			buildActionMask = 2147483647;
			files = (
				D00F13241AD721E100308C9A /* ticTacToeTests.swift in Sources */,
			);
			runOnlyForDeploymentPostprocessing = 0;
		};
/* End PBXSourcesBuildPhase section */

/* Begin PBXTargetDependency section */
		D00F131F1AD721E100308C9A /* PBXTargetDependency */ = {
			isa = PBXTargetDependency;
			target = D00F13071AD721E100308C9A /* ticTacToe */;
			targetProxy = D00F131E1AD721E100308C9A /* PBXContainerItemProxy */;
		};
/* End PBXTargetDependency section */

/* Begin PBXVariantGroup section */
		D00F13111AD721E100308C9A /* Main.storyboard */ = {
			isa = PBXVariantGroup;
			children = (
				D00F13121AD721E100308C9A /* Base */,
			);
			name = Main.storyboard;
			sourceTree = "<group>";
		};
		D00F13161AD721E100308C9A /* LaunchScreen.xib */ = {
			isa = PBXVariantGroup;
			children = (
				D00F13171AD721E100308C9A /* Base */,
			);
			name = LaunchScreen.xib;
			sourceTree = "<group>";
		};
/* End PBXVariantGroup section */

/* Begin XCBuildConfiguration section */
		D00F13251AD721E100308C9A /* Debug */ = {
			isa = XCBuildConfiguration;
			buildSettings = {
				ALWAYS_SEARCH_USER_PATHS = NO;
				CLANG_CXX_LANGUAGE_STANDARD = "gnu++0x";
				CLANG_CXX_LIBRARY = "libc++";
				CLANG_ENABLE_MODULES = YES;
				CLANG_ENABLE_OBJC_ARC = YES;
				CLANG_WARN_BOOL_CONVERSION = YES;
				CLANG_WARN_CONSTANT_CONVERSION = YES;
				CLANG_WARN_DIRECT_OBJC_ISA_USAGE = YES_ERROR;
				CLANG_WARN_EMPTY_BODY = YES;
				CLANG_WARN_ENUM_CONVERSION = YES;
				CLANG_WARN_INT_CONVERSION = YES;
				CLANG_WARN_OBJC_ROOT_CLASS = YES_ERROR;
				CLANG_WARN_UNREACHABLE_CODE = YES;
				CLANG_WARN__DUPLICATE_METHOD_MATCH = YES;
				"CODE_SIGN_IDENTITY[sdk=iphoneos*]" = "iPhone Developer";
				COPY_PHASE_STRIP = NO;
				ENABLE_STRICT_OBJC_MSGSEND = YES;
				GCC_C_LANGUAGE_STANDARD = gnu99;
				GCC_DYNAMIC_NO_PIC = NO;
				GCC_OPTIMIZATION_LEVEL = 0;
				GCC_PREPROCESSOR_DEFINITIONS = (
					"DEBUG=1",
					"$(inherited)",
				);
				GCC_SYMBOLS_PRIVATE_EXTERN = NO;
				GCC_WARN_64_TO_32_BIT_CONVERSION = YES;
				GCC_WARN_ABOUT_RETURN_TYPE = YES_ERROR;
				GCC_WARN_UNDECLARED_SELECTOR = YES;
				GCC_WARN_UNINITIALIZED_AUTOS = YES_AGGRESSIVE;
				GCC_WARN_UNUSED_FUNCTION = YES;
				GCC_WARN_UNUSED_VARIABLE = YES;
				IPHONEOS_DEPLOYMENT_TARGET = 8.1;
				MTL_ENABLE_DEBUG_INFO = YES;
				ONLY_ACTIVE_ARCH = YES;
				SDKROOT = iphoneos;
				SWIFT_OPTIMIZATION_LEVEL = "-Onone";
			};
			name = Debug;
		};
		D00F13261AD721E100308C9A /* Release */ = {
			isa = XCBuildConfiguration;
			buildSettings = {
				ALWAYS_SEARCH_USER_PATHS = NO;
				CLANG_CXX_LANGUAGE_STANDARD = "gnu++0x";
				CLANG_CXX_LIBRARY = "libc++";
				CLANG_ENABLE_MODULES = YES;
				CLANG_ENABLE_OBJC_ARC = YES;
				CLANG_WARN_BOOL_CONVERSION = YES;
				CLANG_WARN_CONSTANT_CONVERSION = YES;
				CLANG_WARN_DIRECT_OBJC_ISA_USAGE = YES_ERROR;
				CLANG_WARN_EMPTY_BODY = YES;
				CLANG_WARN_ENUM_CONVERSION = YES;
				CLANG_WARN_INT_CONVERSION = YES;
				CLANG_WARN_OBJC_ROOT_CLASS = YES_ERROR;
				CLANG_WARN_UNREACHABLE_CODE = YES;
				CLANG_WARN__DUPLICATE_METHOD_MATCH = YES;
				"CODE_SIGN_IDENTITY[sdk=iphoneos*]" = "iPhone Developer";
				COPY_PHASE_STRIP = YES;
				ENABLE_NS_ASSERTIONS = NO;
				ENABLE_STRICT_OBJC_MSGSEND = YES;
				GCC_C_LANGUAGE_STANDARD = gnu99;
				GCC_WARN_64_TO_32_BIT_CONVERSION = YES;
				GCC_WARN_ABOUT_RETURN_TYPE = YES_ERROR;
				GCC_WARN_UNDECLARED_SELECTOR = YES;
				GCC_WARN_UNINITIALIZED_AUTOS = YES_AGGRESSIVE;
				GCC_WARN_UNUSED_FUNCTION = YES;
				GCC_WARN_UNUSED_VARIABLE = YES;
				IPHONEOS_DEPLOYMENT_TARGET = 8.1;
				MTL_ENABLE_DEBUG_INFO = NO;
				SDKROOT = iphoneos;
				VALIDATE_PRODUCT = YES;
			};
			name = Release;
		};
		D00F13281AD721E100308C9A /* Debug */ = {
			isa = XCBuildConfiguration;
			buildSettings = {
				ASSETCATALOG_COMPILER_APPICON_NAME = AppIcon;
				INFOPLIST_FILE = ticTacToe/Info.plist;
				LD_RUNPATH_SEARCH_PATHS = "$(inherited) @executable_path/Frameworks";
				PRODUCT_NAME = "$(TARGET_NAME)";
			};
			name = Debug;
		};
		D00F13291AD721E100308C9A /* Release */ = {
			isa = XCBuildConfiguration;
			buildSettings = {
				ASSETCATALOG_COMPILER_APPICON_NAME = AppIcon;
				INFOPLIST_FILE = ticTacToe/Info.plist;
				LD_RUNPATH_SEARCH_PATHS = "$(inherited) @executable_path/Frameworks";
				PRODUCT_NAME = "$(TARGET_NAME)";
			};
			name = Release;
		};
		D00F132B1AD721E100308C9A /* Debug */ = {
			isa = XCBuildConfiguration;
			buildSettings = {
				BUNDLE_LOADER = "$(TEST_HOST)";
				FRAMEWORK_SEARCH_PATHS = (
					"$(SDKROOT)/Developer/Library/Frameworks",
					"$(inherited)",
				);
				GCC_PREPROCESSOR_DEFINITIONS = (
					"DEBUG=1",
					"$(inherited)",
				);
				INFOPLIST_FILE = ticTacToeTests/Info.plist;
				LD_RUNPATH_SEARCH_PATHS = "$(inherited) @executable_path/Frameworks @loader_path/Frameworks";
				PRODUCT_NAME = "$(TARGET_NAME)";
				TEST_HOST = "$(BUILT_PRODUCTS_DIR)/ticTacToe.app/ticTacToe";
			};
			name = Debug;
		};
		D00F132C1AD721E100308C9A /* Release */ = {
			isa = XCBuildConfiguration;
			buildSettings = {
				BUNDLE_LOADER = "$(TEST_HOST)";
				FRAMEWORK_SEARCH_PATHS = (
					"$(SDKROOT)/Developer/Library/Frameworks",
					"$(inherited)",
				);
				INFOPLIST_FILE = ticTacToeTests/Info.plist;
				LD_RUNPATH_SEARCH_PATHS = "$(inherited) @executable_path/Frameworks @loader_path/Frameworks";
				PRODUCT_NAME = "$(TARGET_NAME)";
				TEST_HOST = "$(BUILT_PRODUCTS_DIR)/ticTacToe.app/ticTacToe";
			};
			name = Release;
		};
/* End XCBuildConfiguration section */

/* Begin XCConfigurationList section */
		D00F13031AD721E100308C9A /* Build configuration list for PBXProject "ticTacToe" */ = {
			isa = XCConfigurationList;
			buildConfigurations = (
				D00F13251AD721E100308C9A /* Debug */,
				D00F13261AD721E100308C9A /* Release */,
			);
			defaultConfigurationIsVisible = 0;
			defaultConfigurationName = Release;
		};
		D00F13271AD721E100308C9A /* Build configuration list for PBXNativeTarget "ticTacToe" */ = {
			isa = XCConfigurationList;
			buildConfigurations = (
				D00F13281AD721E100308C9A /* Debug */,
				D00F13291AD721E100308C9A /* Release */,
			);
			defaultConfigurationIsVisible = 0;
			defaultConfigurationName = Release;
		};
		D00F132A1AD721E100308C9A /* Build configuration list for PBXNativeTarget "ticTacToeTests" */ = {
			isa = XCConfigurationList;
			buildConfigurations = (
				D00F132B1AD721E100308C9A /* Debug */,
				D00F132C1AD721E100308C9A /* Release */,
			);
			defaultConfigurationIsVisible = 0;
			defaultConfigurationName = Release;
		};
/* End XCConfigurationList section */
	};
	rootObject = D00F13001AD721E100308C9A /* Project object */;
}
